
Microsoft Visual Studio Solution File, Format Version 12.00
# Visual Studio Version 17
VisualStudioVersion = 17.9.34714.143
MinimumVisualStudioVersion = 10.0.40219.1
Project("{FAE04EC0-301F-11D3-BF4B-00C04F79EFBC}") = "UWUVCI AIO WPF", "UWUVCI AIO WPF\UWUVCI AIO WPF.csproj", "{6A60AB0E-4597-4ECA-AEFB-D63A26CA7B54}"
EndProject
Project("{2150E333-8FDC-42A3-9474-1A3956D46DE8}") = ".tests", ".tests", "{9CBE8BDF-E2D4-CFB6-4D71-B203AD5191F7}"
EndProject
Project("{FAE04EC0-301F-11D3-BF4B-00C04F79EFBC}") = "PD.WiiU.VirtualConsole", "PD.WiiU.VirtualConsole\PD.WiiU.VirtualConsole.csproj", "{30769EDA-4D7A-402D-931D-4983027328F2}"
EndProject
Project("{FAE04EC0-301F-11D3-BF4B-00C04F79EFBC}") = "PD.WiiU.VirtualConsole.Tests", ".tests\PD.WiiU.VirtualConsole.Tests\PD.WiiU.VirtualConsole.Tests.csproj", "{3F1EAF13-2228-41F9-95A3-4C93F7C2788E}"
EndProject
Project("{FAE04EC0-301F-11D3-BF4B-00C04F79EFBC}") = "PD.WiiU.VirtualConsole.Wii", "PD.WiiU.VirtualConsole.Wii\PD.WiiU.VirtualConsole.Wii.csproj", "{08C09BF4-9016-4BEB-813C-83FEB8F47E76}"
EndProject
Project("{FAE04EC0-301F-11D3-BF4B-00C04F79EFBC}") = "PD.WiiU.VirtualConsole.Wii.Tests", ".tests\PD.WiiU.VirtualConsole.Wii.Tests\PD.WiiU.VirtualConsole.Wii.Tests.csproj", "{E096D985-A2EE-4ED0-9D71-8392421B94F9}"
EndProject
Project("{FAE04EC0-301F-11D3-BF4B-00C04F79EFBC}") = "PD.WiiU.VirtualConsole.Infrastructure", "PD.WiiU.VirtualConsole.Infrastructure\PD.WiiU.VirtualConsole.Infrastructure.csproj", "{68406516-0A5E-48BA-AB70-1247AEFE3EBA}"
EndProject
Project("{FAE04EC0-301F-11D3-BF4B-00C04F79EFBC}") = "PD.WiiU.VirtualConsole.Infrastructure.Tests", ".tests\PD.WiiU.VirtualConsole.Infrastructure.Tests\PD.WiiU.VirtualConsole.Infrastructure.Tests.csproj", "{013E9CCE-DD89-4684-A595-F7F01BC54B47}"
EndProject
Project("{FAE04EC0-301F-11D3-BF4B-00C04F79EFBC}") = "PD.WiiU.VirtualConsole.Retro", "PD.WiiU.VirtualConsole.Retro\PD.WiiU.VirtualConsole.Retro.csproj", "{01EBAAE7-CADD-488E-AE12-7E93E768F0F1}"
EndProject
Project("{FAE04EC0-301F-11D3-BF4B-00C04F79EFBC}") = "PD.WiiU.VirtualConsole.Retro.Tests", ".tests\PD.WiiU.VirtualConsole.Retro.Tests\PD.WiiU.VirtualConsole.Retro.Tests.csproj", "{43BD9EAD-0BFB-489B-A511-F2DB157C15CD}"
EndProject
Project("{FAE04EC0-301F-11D3-BF4B-00C04F79EFBC}") = "PD.WiiU.VirtualConsole.Gba", "PD.WiiU.VirtualConsole.Gba\PD.WiiU.VirtualConsole.Gba.csproj", "{32D11DF1-CE14-4777-838B-E868A98ACD39}"
EndProject
Project("{FAE04EC0-301F-11D3-BF4B-00C04F79EFBC}") = "PD.WiiU.VirtualConsole.Gba.Tests", ".tests\PD.WiiU.VirtualConsole.Gba.Tests\PD.WiiU.VirtualConsole.Gba.Tests.csproj", "{455100B8-2163-4453-8438-2D5A816C7F5E}"
EndProject
Project("{FAE04EC0-301F-11D3-BF4B-00C04F79EFBC}") = "WiiUVirtualConsoleInjector", "WiiUVirtualConsoleInjector\WiiUVirtualConsoleInjector.csproj", "{8A093BAD-9431-41A1-97E8-676F884349E9}"
EndProject
Project("{FAE04EC0-301F-11D3-BF4B-00C04F79EFBC}") = "WiiUVirtualConsoleInjector.Tests", ".tests\WiiUVirtualConsoleInjector.Tests\WiiUVirtualConsoleInjector.Tests.csproj", "{5646A983-332F-4554-8DE4-C6F66C16937E}"
EndProject
Project("{FAE04EC0-301F-11D3-BF4B-00C04F79EFBC}") = "PD.WiiU.VirtualConsole.RetroArch", "PD.WiiU.VirtualConsole.RetroArch\PD.WiiU.VirtualConsole.RetroArch.csproj", "{2EB8FA4C-D3EE-4917-AF76-503EA22E5B7C}"
EndProject
Project("{FAE04EC0-301F-11D3-BF4B-00C04F79EFBC}") = "PD.WiiU.VirtualConsole.RetroArch.Tests", ".tests\PD.WiiU.VirtualConsole.RetroArch.Tests\PD.WiiU.VirtualConsole.RetroArch.Tests.csproj", "{BCAA42DD-6C3A-49E1-9296-DB8F63276A90}"
EndProject
Global
	GlobalSection(SolutionConfigurationPlatforms) = preSolution
		Debug|Any CPU = Debug|Any CPU
		Debug|x64 = Debug|x64
		Debug|x86 = Debug|x86
		Release|Any CPU = Release|Any CPU
		Release|x64 = Release|x64
		Release|x86 = Release|x86
	EndGlobalSection
	GlobalSection(ProjectConfigurationPlatforms) = postSolution
		{6A60AB0E-4597-4ECA-AEFB-D63A26CA7B54}.Debug|Any CPU.ActiveCfg = Debug|Any CPU
		{6A60AB0E-4597-4ECA-AEFB-D63A26CA7B54}.Debug|Any CPU.Build.0 = Debug|Any CPU
		{6A60AB0E-4597-4ECA-AEFB-D63A26CA7B54}.Debug|x64.ActiveCfg = Debug|Any CPU
		{6A60AB0E-4597-4ECA-AEFB-D63A26CA7B54}.Debug|x64.Build.0 = Debug|Any CPU
		{6A60AB0E-4597-4ECA-AEFB-D63A26CA7B54}.Debug|x86.ActiveCfg = Debug|Any CPU
		{6A60AB0E-4597-4ECA-AEFB-D63A26CA7B54}.Debug|x86.Build.0 = Debug|Any CPU
		{6A60AB0E-4597-4ECA-AEFB-D63A26CA7B54}.Release|Any CPU.ActiveCfg = Release|Any CPU
		{6A60AB0E-4597-4ECA-AEFB-D63A26CA7B54}.Release|Any CPU.Build.0 = Release|Any CPU
		{6A60AB0E-4597-4ECA-AEFB-D63A26CA7B54}.Release|x64.ActiveCfg = Release|Any CPU
		{6A60AB0E-4597-4ECA-AEFB-D63A26CA7B54}.Release|x64.Build.0 = Release|Any CPU
		{6A60AB0E-4597-4ECA-AEFB-D63A26CA7B54}.Release|x86.ActiveCfg = Release|Any CPU
		{6A60AB0E-4597-4ECA-AEFB-D63A26CA7B54}.Release|x86.Build.0 = Release|Any CPU
		{30769EDA-4D7A-402D-931D-4983027328F2}.Debug|Any CPU.ActiveCfg = Debug|Any CPU
		{30769EDA-4D7A-402D-931D-4983027328F2}.Debug|Any CPU.Build.0 = Debug|Any CPU
		{30769EDA-4D7A-402D-931D-4983027328F2}.Debug|x64.ActiveCfg = Debug|Any CPU
		{30769EDA-4D7A-402D-931D-4983027328F2}.Debug|x64.Build.0 = Debug|Any CPU
		{30769EDA-4D7A-402D-931D-4983027328F2}.Debug|x86.ActiveCfg = Debug|Any CPU
		{30769EDA-4D7A-402D-931D-4983027328F2}.Debug|x86.Build.0 = Debug|Any CPU
		{30769EDA-4D7A-402D-931D-4983027328F2}.Release|Any CPU.ActiveCfg = Release|Any CPU
		{30769EDA-4D7A-402D-931D-4983027328F2}.Release|Any CPU.Build.0 = Release|Any CPU
		{30769EDA-4D7A-402D-931D-4983027328F2}.Release|x64.ActiveCfg = Release|Any CPU
		{30769EDA-4D7A-402D-931D-4983027328F2}.Release|x64.Build.0 = Release|Any CPU
		{30769EDA-4D7A-402D-931D-4983027328F2}.Release|x86.ActiveCfg = Release|Any CPU
		{30769EDA-4D7A-402D-931D-4983027328F2}.Release|x86.Build.0 = Release|Any CPU
		{3F1EAF13-2228-41F9-95A3-4C93F7C2788E}.Debug|Any CPU.ActiveCfg = Debug|Any CPU
		{3F1EAF13-2228-41F9-95A3-4C93F7C2788E}.Debug|Any CPU.Build.0 = Debug|Any CPU
		{3F1EAF13-2228-41F9-95A3-4C93F7C2788E}.Debug|x64.ActiveCfg = Debug|Any CPU
		{3F1EAF13-2228-41F9-95A3-4C93F7C2788E}.Debug|x64.Build.0 = Debug|Any CPU
		{3F1EAF13-2228-41F9-95A3-4C93F7C2788E}.Debug|x86.ActiveCfg = Debug|Any CPU
		{3F1EAF13-2228-41F9-95A3-4C93F7C2788E}.Debug|x86.Build.0 = Debug|Any CPU
		{3F1EAF13-2228-41F9-95A3-4C93F7C2788E}.Release|Any CPU.ActiveCfg = Release|Any CPU
		{3F1EAF13-2228-41F9-95A3-4C93F7C2788E}.Release|Any CPU.Build.0 = Release|Any CPU
		{3F1EAF13-2228-41F9-95A3-4C93F7C2788E}.Release|x64.ActiveCfg = Release|Any CPU
		{3F1EAF13-2228-41F9-95A3-4C93F7C2788E}.Release|x64.Build.0 = Release|Any CPU
		{3F1EAF13-2228-41F9-95A3-4C93F7C2788E}.Release|x86.ActiveCfg = Release|Any CPU
		{3F1EAF13-2228-41F9-95A3-4C93F7C2788E}.Release|x86.Build.0 = Release|Any CPU
		{08C09BF4-9016-4BEB-813C-83FEB8F47E76}.Debug|Any CPU.ActiveCfg = Debug|Any CPU
		{08C09BF4-9016-4BEB-813C-83FEB8F47E76}.Debug|Any CPU.Build.0 = Debug|Any CPU
		{08C09BF4-9016-4BEB-813C-83FEB8F47E76}.Debug|x64.ActiveCfg = Debug|Any CPU
		{08C09BF4-9016-4BEB-813C-83FEB8F47E76}.Debug|x64.Build.0 = Debug|Any CPU
		{08C09BF4-9016-4BEB-813C-83FEB8F47E76}.Debug|x86.ActiveCfg = Debug|Any CPU
		{08C09BF4-9016-4BEB-813C-83FEB8F47E76}.Debug|x86.Build.0 = Debug|Any CPU
		{08C09BF4-9016-4BEB-813C-83FEB8F47E76}.Release|Any CPU.ActiveCfg = Release|Any CPU
		{08C09BF4-9016-4BEB-813C-83FEB8F47E76}.Release|Any CPU.Build.0 = Release|Any CPU
		{08C09BF4-9016-4BEB-813C-83FEB8F47E76}.Release|x64.ActiveCfg = Release|Any CPU
		{08C09BF4-9016-4BEB-813C-83FEB8F47E76}.Release|x64.Build.0 = Release|Any CPU
		{08C09BF4-9016-4BEB-813C-83FEB8F47E76}.Release|x86.ActiveCfg = Release|Any CPU
		{08C09BF4-9016-4BEB-813C-83FEB8F47E76}.Release|x86.Build.0 = Release|Any CPU
		{E096D985-A2EE-4ED0-9D71-8392421B94F9}.Debug|Any CPU.ActiveCfg = Debug|Any CPU
		{E096D985-A2EE-4ED0-9D71-8392421B94F9}.Debug|Any CPU.Build.0 = Debug|Any CPU
		{E096D985-A2EE-4ED0-9D71-8392421B94F9}.Debug|x64.ActiveCfg = Debug|Any CPU
		{E096D985-A2EE-4ED0-9D71-8392421B94F9}.Debug|x64.Build.0 = Debug|Any CPU
		{E096D985-A2EE-4ED0-9D71-8392421B94F9}.Debug|x86.ActiveCfg = Debug|Any CPU
		{E096D985-A2EE-4ED0-9D71-8392421B94F9}.Debug|x86.Build.0 = Debug|Any CPU
		{E096D985-A2EE-4ED0-9D71-8392421B94F9}.Release|Any CPU.ActiveCfg = Release|Any CPU
		{E096D985-A2EE-4ED0-9D71-8392421B94F9}.Release|Any CPU.Build.0 = Release|Any CPU
		{E096D985-A2EE-4ED0-9D71-8392421B94F9}.Release|x64.ActiveCfg = Release|Any CPU
		{E096D985-A2EE-4ED0-9D71-8392421B94F9}.Release|x64.Build.0 = Release|Any CPU
		{E096D985-A2EE-4ED0-9D71-8392421B94F9}.Release|x86.ActiveCfg = Release|Any CPU
		{E096D985-A2EE-4ED0-9D71-8392421B94F9}.Release|x86.Build.0 = Release|Any CPU
		{68406516-0A5E-48BA-AB70-1247AEFE3EBA}.Debug|Any CPU.ActiveCfg = Debug|Any CPU
		{68406516-0A5E-48BA-AB70-1247AEFE3EBA}.Debug|Any CPU.Build.0 = Debug|Any CPU
		{68406516-0A5E-48BA-AB70-1247AEFE3EBA}.Debug|x64.ActiveCfg = Debug|Any CPU
		{68406516-0A5E-48BA-AB70-1247AEFE3EBA}.Debug|x64.Build.0 = Debug|Any CPU
		{68406516-0A5E-48BA-AB70-1247AEFE3EBA}.Debug|x86.ActiveCfg = Debug|Any CPU
		{68406516-0A5E-48BA-AB70-1247AEFE3EBA}.Debug|x86.Build.0 = Debug|Any CPU
		{68406516-0A5E-48BA-AB70-1247AEFE3EBA}.Release|Any CPU.ActiveCfg = Release|Any CPU
		{68406516-0A5E-48BA-AB70-1247AEFE3EBA}.Release|Any CPU.Build.0 = Release|Any CPU
		{68406516-0A5E-48BA-AB70-1247AEFE3EBA}.Release|x64.ActiveCfg = Release|Any CPU
		{68406516-0A5E-48BA-AB70-1247AEFE3EBA}.Release|x64.Build.0 = Release|Any CPU
		{68406516-0A5E-48BA-AB70-1247AEFE3EBA}.Release|x86.ActiveCfg = Release|Any CPU
		{68406516-0A5E-48BA-AB70-1247AEFE3EBA}.Release|x86.Build.0 = Release|Any CPU
		{013E9CCE-DD89-4684-A595-F7F01BC54B47}.Debug|Any CPU.ActiveCfg = Debug|Any CPU
		{013E9CCE-DD89-4684-A595-F7F01BC54B47}.Debug|Any CPU.Build.0 = Debug|Any CPU
		{013E9CCE-DD89-4684-A595-F7F01BC54B47}.Debug|x64.ActiveCfg = Debug|Any CPU
		{013E9CCE-DD89-4684-A595-F7F01BC54B47}.Debug|x64.Build.0 = Debug|Any CPU
		{013E9CCE-DD89-4684-A595-F7F01BC54B47}.Debug|x86.ActiveCfg = Debug|Any CPU
		{013E9CCE-DD89-4684-A595-F7F01BC54B47}.Debug|x86.Build.0 = Debug|Any CPU
		{013E9CCE-DD89-4684-A595-F7F01BC54B47}.Release|Any CPU.ActiveCfg = Release|Any CPU
		{013E9CCE-DD89-4684-A595-F7F01BC54B47}.Release|Any CPU.Build.0 = Release|Any CPU
		{013E9CCE-DD89-4684-A595-F7F01BC54B47}.Release|x64.ActiveCfg = Release|Any CPU
		{013E9CCE-DD89-4684-A595-F7F01BC54B47}.Release|x64.Build.0 = Release|Any CPU
		{013E9CCE-DD89-4684-A595-F7F01BC54B47}.Release|x86.ActiveCfg = Release|Any CPU
		{013E9CCE-DD89-4684-A595-F7F01BC54B47}.Release|x86.Build.0 = Release|Any CPU
		{01EBAAE7-CADD-488E-AE12-7E93E768F0F1}.Debug|Any CPU.ActiveCfg = Debug|Any CPU
		{01EBAAE7-CADD-488E-AE12-7E93E768F0F1}.Debug|Any CPU.Build.0 = Debug|Any CPU
		{01EBAAE7-CADD-488E-AE12-7E93E768F0F1}.Debug|x64.ActiveCfg = Debug|Any CPU
		{01EBAAE7-CADD-488E-AE12-7E93E768F0F1}.Debug|x64.Build.0 = Debug|Any CPU
		{01EBAAE7-CADD-488E-AE12-7E93E768F0F1}.Debug|x86.ActiveCfg = Debug|Any CPU
		{01EBAAE7-CADD-488E-AE12-7E93E768F0F1}.Debug|x86.Build.0 = Debug|Any CPU
		{01EBAAE7-CADD-488E-AE12-7E93E768F0F1}.Release|Any CPU.ActiveCfg = Release|Any CPU
		{01EBAAE7-CADD-488E-AE12-7E93E768F0F1}.Release|Any CPU.Build.0 = Release|Any CPU
		{01EBAAE7-CADD-488E-AE12-7E93E768F0F1}.Release|x64.ActiveCfg = Release|Any CPU
		{01EBAAE7-CADD-488E-AE12-7E93E768F0F1}.Release|x64.Build.0 = Release|Any CPU
		{01EBAAE7-CADD-488E-AE12-7E93E768F0F1}.Release|x86.ActiveCfg = Release|Any CPU
		{01EBAAE7-CADD-488E-AE12-7E93E768F0F1}.Release|x86.Build.0 = Release|Any CPU
		{43BD9EAD-0BFB-489B-A511-F2DB157C15CD}.Debug|Any CPU.ActiveCfg = Debug|Any CPU
		{43BD9EAD-0BFB-489B-A511-F2DB157C15CD}.Debug|Any CPU.Build.0 = Debug|Any CPU
		{43BD9EAD-0BFB-489B-A511-F2DB157C15CD}.Debug|x64.ActiveCfg = Debug|Any CPU
		{43BD9EAD-0BFB-489B-A511-F2DB157C15CD}.Debug|x64.Build.0 = Debug|Any CPU
		{43BD9EAD-0BFB-489B-A511-F2DB157C15CD}.Debug|x86.ActiveCfg = Debug|Any CPU
		{43BD9EAD-0BFB-489B-A511-F2DB157C15CD}.Debug|x86.Build.0 = Debug|Any CPU
		{43BD9EAD-0BFB-489B-A511-F2DB157C15CD}.Release|Any CPU.ActiveCfg = Release|Any CPU
		{43BD9EAD-0BFB-489B-A511-F2DB157C15CD}.Release|Any CPU.Build.0 = Release|Any CPU
		{43BD9EAD-0BFB-489B-A511-F2DB157C15CD}.Release|x64.ActiveCfg = Release|Any CPU
		{43BD9EAD-0BFB-489B-A511-F2DB157C15CD}.Release|x64.Build.0 = Release|Any CPU
		{43BD9EAD-0BFB-489B-A511-F2DB157C15CD}.Release|x86.ActiveCfg = Release|Any CPU
		{43BD9EAD-0BFB-489B-A511-F2DB157C15CD}.Release|x86.Build.0 = Release|Any CPU
		{32D11DF1-CE14-4777-838B-E868A98ACD39}.Debug|Any CPU.ActiveCfg = Debug|Any CPU
		{32D11DF1-CE14-4777-838B-E868A98ACD39}.Debug|Any CPU.Build.0 = Debug|Any CPU
		{32D11DF1-CE14-4777-838B-E868A98ACD39}.Debug|x64.ActiveCfg = Debug|Any CPU
		{32D11DF1-CE14-4777-838B-E868A98ACD39}.Debug|x64.Build.0 = Debug|Any CPU
		{32D11DF1-CE14-4777-838B-E868A98ACD39}.Debug|x86.ActiveCfg = Debug|Any CPU
		{32D11DF1-CE14-4777-838B-E868A98ACD39}.Debug|x86.Build.0 = Debug|Any CPU
		{32D11DF1-CE14-4777-838B-E868A98ACD39}.Release|Any CPU.ActiveCfg = Release|Any CPU
		{32D11DF1-CE14-4777-838B-E868A98ACD39}.Release|Any CPU.Build.0 = Release|Any CPU
		{32D11DF1-CE14-4777-838B-E868A98ACD39}.Release|x64.ActiveCfg = Release|Any CPU
		{32D11DF1-CE14-4777-838B-E868A98ACD39}.Release|x64.Build.0 = Release|Any CPU
		{32D11DF1-CE14-4777-838B-E868A98ACD39}.Release|x86.ActiveCfg = Release|Any CPU
		{32D11DF1-CE14-4777-838B-E868A98ACD39}.Release|x86.Build.0 = Release|Any CPU
		{455100B8-2163-4453-8438-2D5A816C7F5E}.Debug|Any CPU.ActiveCfg = Debug|Any CPU
		{455100B8-2163-4453-8438-2D5A816C7F5E}.Debug|Any CPU.Build.0 = Debug|Any CPU
		{455100B8-2163-4453-8438-2D5A816C7F5E}.Debug|x64.ActiveCfg = Debug|Any CPU
		{455100B8-2163-4453-8438-2D5A816C7F5E}.Debug|x64.Build.0 = Debug|Any CPU
		{455100B8-2163-4453-8438-2D5A816C7F5E}.Debug|x86.ActiveCfg = Debug|Any CPU
		{455100B8-2163-4453-8438-2D5A816C7F5E}.Debug|x86.Build.0 = Debug|Any CPU
		{455100B8-2163-4453-8438-2D5A816C7F5E}.Release|Any CPU.ActiveCfg = Release|Any CPU
		{455100B8-2163-4453-8438-2D5A816C7F5E}.Release|Any CPU.Build.0 = Release|Any CPU
		{455100B8-2163-4453-8438-2D5A816C7F5E}.Release|x64.ActiveCfg = Release|Any CPU
		{455100B8-2163-4453-8438-2D5A816C7F5E}.Release|x64.Build.0 = Release|Any CPU
		{455100B8-2163-4453-8438-2D5A816C7F5E}.Release|x86.ActiveCfg = Release|Any CPU
		{455100B8-2163-4453-8438-2D5A816C7F5E}.Release|x86.Build.0 = Release|Any CPU
		{8A093BAD-9431-41A1-97E8-676F884349E9}.Debug|Any CPU.ActiveCfg = Debug|Any CPU
		{8A093BAD-9431-41A1-97E8-676F884349E9}.Debug|Any CPU.Build.0 = Debug|Any CPU
		{8A093BAD-9431-41A1-97E8-676F884349E9}.Debug|x64.ActiveCfg = Debug|Any CPU
		{8A093BAD-9431-41A1-97E8-676F884349E9}.Debug|x64.Build.0 = Debug|Any CPU
		{8A093BAD-9431-41A1-97E8-676F884349E9}.Debug|x86.ActiveCfg = Debug|Any CPU
		{8A093BAD-9431-41A1-97E8-676F884349E9}.Debug|x86.Build.0 = Debug|Any CPU
		{8A093BAD-9431-41A1-97E8-676F884349E9}.Release|Any CPU.ActiveCfg = Release|Any CPU
		{8A093BAD-9431-41A1-97E8-676F884349E9}.Release|Any CPU.Build.0 = Release|Any CPU
		{8A093BAD-9431-41A1-97E8-676F884349E9}.Release|x64.ActiveCfg = Release|Any CPU
		{8A093BAD-9431-41A1-97E8-676F884349E9}.Release|x64.Build.0 = Release|Any CPU
		{8A093BAD-9431-41A1-97E8-676F884349E9}.Release|x86.ActiveCfg = Release|Any CPU
		{8A093BAD-9431-41A1-97E8-676F884349E9}.Release|x86.Build.0 = Release|Any CPU
		{5646A983-332F-4554-8DE4-C6F66C16937E}.Debug|Any CPU.ActiveCfg = Debug|Any CPU
		{5646A983-332F-4554-8DE4-C6F66C16937E}.Debug|Any CPU.Build.0 = Debug|Any CPU
		{5646A983-332F-4554-8DE4-C6F66C16937E}.Debug|x64.ActiveCfg = Debug|Any CPU
		{5646A983-332F-4554-8DE4-C6F66C16937E}.Debug|x64.Build.0 = Debug|Any CPU
		{5646A983-332F-4554-8DE4-C6F66C16937E}.Debug|x86.ActiveCfg = Debug|Any CPU
		{5646A983-332F-4554-8DE4-C6F66C16937E}.Debug|x86.Build.0 = Debug|Any CPU
		{5646A983-332F-4554-8DE4-C6F66C16937E}.Release|Any CPU.ActiveCfg = Release|Any CPU
		{5646A983-332F-4554-8DE4-C6F66C16937E}.Release|Any CPU.Build.0 = Release|Any CPU
		{5646A983-332F-4554-8DE4-C6F66C16937E}.Release|x64.ActiveCfg = Release|Any CPU
		{5646A983-332F-4554-8DE4-C6F66C16937E}.Release|x64.Build.0 = Release|Any CPU
		{5646A983-332F-4554-8DE4-C6F66C16937E}.Release|x86.ActiveCfg = Release|Any CPU
		{5646A983-332F-4554-8DE4-C6F66C16937E}.Release|x86.Build.0 = Release|Any CPU
		{2EB8FA4C-D3EE-4917-AF76-503EA22E5B7C}.Debug|Any CPU.ActiveCfg = Debug|Any CPU
		{2EB8FA4C-D3EE-4917-AF76-503EA22E5B7C}.Debug|Any CPU.Build.0 = Debug|Any CPU
		{2EB8FA4C-D3EE-4917-AF76-503EA22E5B7C}.Debug|x64.ActiveCfg = Debug|Any CPU
		{2EB8FA4C-D3EE-4917-AF76-503EA22E5B7C}.Debug|x64.Build.0 = Debug|Any CPU
		{2EB8FA4C-D3EE-4917-AF76-503EA22E5B7C}.Debug|x86.ActiveCfg = Debug|Any CPU
		{2EB8FA4C-D3EE-4917-AF76-503EA22E5B7C}.Debug|x86.Build.0 = Debug|Any CPU
		{2EB8FA4C-D3EE-4917-AF76-503EA22E5B7C}.Release|Any CPU.ActiveCfg = Release|Any CPU
		{2EB8FA4C-D3EE-4917-AF76-503EA22E5B7C}.Release|Any CPU.Build.0 = Release|Any CPU
		{2EB8FA4C-D3EE-4917-AF76-503EA22E5B7C}.Release|x64.ActiveCfg = Release|Any CPU
		{2EB8FA4C-D3EE-4917-AF76-503EA22E5B7C}.Release|x64.Build.0 = Release|Any CPU
		{2EB8FA4C-D3EE-4917-AF76-503EA22E5B7C}.Release|x86.ActiveCfg = Release|Any CPU
		{2EB8FA4C-D3EE-4917-AF76-503EA22E5B7C}.Release|x86.Build.0 = Release|Any CPU
		{BCAA42DD-6C3A-49E1-9296-DB8F63276A90}.Debug|Any CPU.ActiveCfg = Debug|Any CPU
		{BCAA42DD-6C3A-49E1-9296-DB8F63276A90}.Debug|Any CPU.Build.0 = Debug|Any CPU
		{BCAA42DD-6C3A-49E1-9296-DB8F63276A90}.Debug|x64.ActiveCfg = Debug|Any CPU
		{BCAA42DD-6C3A-49E1-9296-DB8F63276A90}.Debug|x64.Build.0 = Debug|Any CPU
		{BCAA42DD-6C3A-49E1-9296-DB8F63276A90}.Debug|x86.ActiveCfg = Debug|Any CPU
		{BCAA42DD-6C3A-49E1-9296-DB8F63276A90}.Debug|x86.Build.0 = Debug|Any CPU
		{BCAA42DD-6C3A-49E1-9296-DB8F63276A90}.Release|Any CPU.ActiveCfg = Release|Any CPU
		{BCAA42DD-6C3A-49E1-9296-DB8F63276A90}.Release|Any CPU.Build.0 = Release|Any CPU
		{BCAA42DD-6C3A-49E1-9296-DB8F63276A90}.Release|x64.ActiveCfg = Release|Any CPU
		{BCAA42DD-6C3A-49E1-9296-DB8F63276A90}.Release|x64.Build.0 = Release|Any CPU
		{BCAA42DD-6C3A-49E1-9296-DB8F63276A90}.Release|x86.ActiveCfg = Release|Any CPU
		{BCAA42DD-6C3A-49E1-9296-DB8F63276A90}.Release|x86.Build.0 = Release|Any CPU
	EndGlobalSection
	GlobalSection(SolutionProperties) = preSolution
		HideSolutionNode = FALSE
	EndGlobalSection
	GlobalSection(NestedProjects) = preSolution
		{3F1EAF13-2228-41F9-95A3-4C93F7C2788E} = {9CBE8BDF-E2D4-CFB6-4D71-B203AD5191F7}
		{E096D985-A2EE-4ED0-9D71-8392421B94F9} = {9CBE8BDF-E2D4-CFB6-4D71-B203AD5191F7}
		{013E9CCE-DD89-4684-A595-F7F01BC54B47} = {9CBE8BDF-E2D4-CFB6-4D71-B203AD5191F7}
		{43BD9EAD-0BFB-489B-A511-F2DB157C15CD} = {9CBE8BDF-E2D4-CFB6-4D71-B203AD5191F7}
		{455100B8-2163-4453-8438-2D5A816C7F5E} = {9CBE8BDF-E2D4-CFB6-4D71-B203AD5191F7}
		{5646A983-332F-4554-8DE4-C6F66C16937E} = {9CBE8BDF-E2D4-CFB6-4D71-B203AD5191F7}
		{BCAA42DD-6C3A-49E1-9296-DB8F63276A90} = {9CBE8BDF-E2D4-CFB6-4D71-B203AD5191F7}
	EndGlobalSection
	GlobalSection(ExtensibilityGlobals) = postSolution
		SolutionGuid = {BDE1F92C-62A4-456D-844B-49FCECE2C0E9}
	EndGlobalSection
EndGlobal
